
Microsoft Visual Studio Solution File, Format Version 9.00
# Visual Studio 2005
Project("{FAE04EC0-301F-11D3-BF4B-00C04F79EFBC}") = "Sipek", "phone\Sipek.csproj", "{A7BC13EB-0EC3-432A-94BE-1B59EF5DBD2F}"
EndProject
Project("{54435603-DBB4-11D2-8724-00A0C9A8B90C}") = "SipekSetup", "setup\SipekSetup.vdproj", "{61648C39-C8C0-49C5-9018-90F02D982FD1}"
EndProject
Global
	GlobalSection(SolutionConfigurationPlatforms) = preSolution
		Debug|Any CPU = Debug|Any CPU
		Release|Any CPU = Release|Any CPU
	EndGlobalSection
	GlobalSection(ProjectConfigurationPlatforms) = postSolution
		{A7BC13EB-0EC3-432A-94BE-1B59EF5DBD2F}.Debug|Any CPU.ActiveCfg = Debug|Any CPU
		{A7BC13EB-0EC3-432A-94BE-1B59EF5DBD2F}.Debug|Any CPU.Build.0 = Debug|Any CPU
		{A7BC13EB-0EC3-432A-94BE-1B59EF5DBD2F}.Release|Any CPU.ActiveCfg = Release|Any CPU
		{A7BC13EB-0EC3-432A-94BE-1B59EF5DBD2F}.Release|Any CPU.Build.0 = Release|Any CPU
		{61648C39-C8C0-49C5-9018-90F02D982FD1}.Debug|Any CPU.ActiveCfg = Debug
		{61648C39-C8C0-49C5-9018-90F02D982FD1}.Debug|Any CPU.Build.0 = Debug
		{61648C39-C8C0-49C5-9018-90F02D982FD1}.Release|Any CPU.ActiveCfg = Release
		{61648C39-C8C0-49C5-9018-90F02D982FD1}.Release|Any CPU.Build.0 = Release
	EndGlobalSection
	GlobalSection(SolutionProperties) = preSolution
		HideSolutionNode = FALSE
	EndGlobalSection
EndGlobal
